
Microsoft Visual Studio Solution File, Format Version 12.00
# Visual Studio Version 17
VisualStudioVersion = 17.4.33110.190
MinimumVisualStudioVersion = 10.0.40219.1
Project("{9A19103F-16F7-4668-BE54-9A1E7A4F7556}") = "HelloWorld", "src\HelloWorld\HelloWorld.csproj", "{993AF2A9-3FA5-43F9-9C37-30897CBDBA01}"
EndProject
Project("{9A19103F-16F7-4668-BE54-9A1E7A4F7556}") = "HelloWorld.Tests", "test\HelloWorld.Test\HelloWorld.Tests.csproj", "{341FA2FA-F49E-4842-847C-ED8FD9794773}"
EndProject
Project("{2150E333-8FDC-42A3-9474-1A3956D46DE8}") = "Solution Items", "Solution Items", "{9838BF91-FA16-4902-98FD-9D6207F97419}"
	ProjectSection(SolutionItems) = preProject
		.gitignore = .gitignore
		cdk.json = cdk.json
		omnisharp.json = omnisharp.json
		README.md = README.md
		template.yaml = template.yaml
	EndProjectSection
EndProject
Project("{2150E333-8FDC-42A3-9474-1A3956D46DE8}") = "Lambda", "Lambda", "{C0FCD766-1165-473B-9159-20A2CD9ABC25}"
EndProject
Project("{9A19103F-16F7-4668-BE54-9A1E7A4F7556}") = "ProcessingService.Deployment", "src\ProcessingService.Deployment\ProcessingService.Deployment.csproj", "{71BA7948-CC59-4D53-AF85-40743EC1C940}"
EndProject
Project("{9A19103F-16F7-4668-BE54-9A1E7A4F7556}") = "ProcessingService.Api", "src\ProcessingService.Api\ProcessingService.Api.csproj", "{71E85A6D-2DC1-4001-9FD6-FAF80CDA22F6}"
EndProject
Project("{2150E333-8FDC-42A3-9474-1A3956D46DE8}") = "Tests", "Tests", "{552FAB77-AAA0-441B-A4B3-D683FAE8A425}"
EndProject
Project("{9A19103F-16F7-4668-BE54-9A1E7A4F7556}") = "ProcessingService.Api.Test", "test\ProcessingService.Api.Test\ProcessingService.Api.Test.csproj", "{9CCB5BA6-7847-47DD-95D4-C57D1446D911}"
EndProject
Project("{FAE04EC0-301F-11D3-BF4B-00C04F79EFBC}") = "ProcessingService.Common", "ProcessingService.Common\ProcessingService.Common.csproj", "{6AEA8D4D-FECC-4934-8BC6-2928D2A9F3BA}"
EndProject
Global
	GlobalSection(SolutionConfigurationPlatforms) = preSolution
		Debug|Any CPU = Debug|Any CPU
		Release|Any CPU = Release|Any CPU
	EndGlobalSection
	GlobalSection(ProjectConfigurationPlatforms) = postSolution
		{993AF2A9-3FA5-43F9-9C37-30897CBDBA01}.Debug|Any CPU.ActiveCfg = Debug|Any CPU
		{993AF2A9-3FA5-43F9-9C37-30897CBDBA01}.Debug|Any CPU.Build.0 = Debug|Any CPU
		{993AF2A9-3FA5-43F9-9C37-30897CBDBA01}.Release|Any CPU.ActiveCfg = Release|Any CPU
		{993AF2A9-3FA5-43F9-9C37-30897CBDBA01}.Release|Any CPU.Build.0 = Release|Any CPU
		{341FA2FA-F49E-4842-847C-ED8FD9794773}.Debug|Any CPU.ActiveCfg = Debug|Any CPU
		{341FA2FA-F49E-4842-847C-ED8FD9794773}.Debug|Any CPU.Build.0 = Debug|Any CPU
		{341FA2FA-F49E-4842-847C-ED8FD9794773}.Release|Any CPU.ActiveCfg = Release|Any CPU
		{341FA2FA-F49E-4842-847C-ED8FD9794773}.Release|Any CPU.Build.0 = Release|Any CPU
		{71BA7948-CC59-4D53-AF85-40743EC1C940}.Debug|Any CPU.ActiveCfg = Debug|Any CPU
		{71BA7948-CC59-4D53-AF85-40743EC1C940}.Debug|Any CPU.Build.0 = Debug|Any CPU
		{71BA7948-CC59-4D53-AF85-40743EC1C940}.Release|Any CPU.ActiveCfg = Release|Any CPU
		{71BA7948-CC59-4D53-AF85-40743EC1C940}.Release|Any CPU.Build.0 = Release|Any CPU
		{71E85A6D-2DC1-4001-9FD6-FAF80CDA22F6}.Debug|Any CPU.ActiveCfg = Debug|Any CPU
		{71E85A6D-2DC1-4001-9FD6-FAF80CDA22F6}.Debug|Any CPU.Build.0 = Debug|Any CPU
		{71E85A6D-2DC1-4001-9FD6-FAF80CDA22F6}.Release|Any CPU.ActiveCfg = Release|Any CPU
		{71E85A6D-2DC1-4001-9FD6-FAF80CDA22F6}.Release|Any CPU.Build.0 = Release|Any CPU
		{9CCB5BA6-7847-47DD-95D4-C57D1446D911}.Debug|Any CPU.ActiveCfg = Debug|Any CPU
		{9CCB5BA6-7847-47DD-95D4-C57D1446D911}.Debug|Any CPU.Build.0 = Debug|Any CPU
		{9CCB5BA6-7847-47DD-95D4-C57D1446D911}.Release|Any CPU.ActiveCfg = Release|Any CPU
		{9CCB5BA6-7847-47DD-95D4-C57D1446D911}.Release|Any CPU.Build.0 = Release|Any CPU
		{6AEA8D4D-FECC-4934-8BC6-2928D2A9F3BA}.Debug|Any CPU.ActiveCfg = Debug|Any CPU
		{6AEA8D4D-FECC-4934-8BC6-2928D2A9F3BA}.Debug|Any CPU.Build.0 = Debug|Any CPU
		{6AEA8D4D-FECC-4934-8BC6-2928D2A9F3BA}.Release|Any CPU.ActiveCfg = Release|Any CPU
		{6AEA8D4D-FECC-4934-8BC6-2928D2A9F3BA}.Release|Any CPU.Build.0 = Release|Any CPU
	EndGlobalSection
	GlobalSection(SolutionProperties) = preSolution
		HideSolutionNode = FALSE
	EndGlobalSection
	GlobalSection(NestedProjects) = preSolution
		{341FA2FA-F49E-4842-847C-ED8FD9794773} = {552FAB77-AAA0-441B-A4B3-D683FAE8A425}
		{71E85A6D-2DC1-4001-9FD6-FAF80CDA22F6} = {C0FCD766-1165-473B-9159-20A2CD9ABC25}
		{9CCB5BA6-7847-47DD-95D4-C57D1446D911} = {552FAB77-AAA0-441B-A4B3-D683FAE8A425}
	EndGlobalSection
	GlobalSection(ExtensibilityGlobals) = postSolution
		SolutionGuid = {C97A23A9-FB30-4997-A0B3-2C28E7ADD83D}
	EndGlobalSection
EndGlobal
